
Microsoft Visual Studio Solution File, Format Version 12.00
# Visual Studio Version 17
VisualStudioVersion = 17.9.34902.65
MinimumVisualStudioVersion = 10.0.40219.1
Project("{9A19103F-16F7-4668-BE54-9A1E7A4F7556}") = "fues-prn221-chiennguyensrdn", "fues-prn212-chiennguyensrdn\fues-prn221-chiennguyensrdn.csproj", "{5631C55D-AE75-48EE-887D-A20C830340B8}"
EndProject
Project("{9A19103F-16F7-4668-BE54-9A1E7A4F7556}") = "BusinessObjects", "BusinnessObjects\BusinessObjects.csproj", "{719059B8-96DB-468D-932C-FD970D37C201}"
EndProject
Project("{9A19103F-16F7-4668-BE54-9A1E7A4F7556}") = "DataAccessObjects", "DataAccessObjects\DataAccessObjects.csproj", "{57D80157-91C0-47C2-B592-A83CB251B54A}"
EndProject
Project("{9A19103F-16F7-4668-BE54-9A1E7A4F7556}") = "Repositories", "Repositories\Repositories.csproj", "{B236A50F-8ACD-40DC-A788-B6FBB0A07D3F}"
EndProject
Global
	GlobalSection(SolutionConfigurationPlatforms) = preSolution
		Debug|Any CPU = Debug|Any CPU
		Release|Any CPU = Release|Any CPU
	EndGlobalSection
	GlobalSection(ProjectConfigurationPlatforms) = postSolution
		{5631C55D-AE75-48EE-887D-A20C830340B8}.Debug|Any CPU.ActiveCfg = Debug|Any CPU
		{5631C55D-AE75-48EE-887D-A20C830340B8}.Debug|Any CPU.Build.0 = Debug|Any CPU
		{5631C55D-AE75-48EE-887D-A20C830340B8}.Release|Any CPU.ActiveCfg = Release|Any CPU
		{5631C55D-AE75-48EE-887D-A20C830340B8}.Release|Any CPU.Build.0 = Release|Any CPU
		{719059B8-96DB-468D-932C-FD970D37C201}.Debug|Any CPU.ActiveCfg = Debug|Any CPU
		{719059B8-96DB-468D-932C-FD970D37C201}.Debug|Any CPU.Build.0 = Debug|Any CPU
		{719059B8-96DB-468D-932C-FD970D37C201}.Release|Any CPU.ActiveCfg = Release|Any CPU
		{719059B8-96DB-468D-932C-FD970D37C201}.Release|Any CPU.Build.0 = Release|Any CPU
		{57D80157-91C0-47C2-B592-A83CB251B54A}.Debug|Any CPU.ActiveCfg = Debug|Any CPU
		{57D80157-91C0-47C2-B592-A83CB251B54A}.Debug|Any CPU.Build.0 = Debug|Any CPU
		{57D80157-91C0-47C2-B592-A83CB251B54A}.Release|Any CPU.ActiveCfg = Release|Any CPU
		{57D80157-91C0-47C2-B592-A83CB251B54A}.Release|Any CPU.Build.0 = Release|Any CPU
		{B236A50F-8ACD-40DC-A788-B6FBB0A07D3F}.Debug|Any CPU.ActiveCfg = Debug|Any CPU
		{B236A50F-8ACD-40DC-A788-B6FBB0A07D3F}.Debug|Any CPU.Build.0 = Debug|Any CPU
		{B236A50F-8ACD-40DC-A788-B6FBB0A07D3F}.Release|Any CPU.ActiveCfg = Release|Any CPU
		{B236A50F-8ACD-40DC-A788-B6FBB0A07D3F}.Release|Any CPU.Build.0 = Release|Any CPU
	EndGlobalSection
	GlobalSection(SolutionProperties) = preSolution
		HideSolutionNode = FALSE
	EndGlobalSection
	GlobalSection(ExtensibilityGlobals) = postSolution
		SolutionGuid = {1CF492C3-2F46-486D-B390-128B2B4CDD40}
	EndGlobalSection
EndGlobal
